// !$*UTF8*$!
{
	archiveVersion = 1;
	classes = {
	};
	objectVersion = 56;
	objects = {

/* Begin PBXBuildFile section */
		A69AB2A72CB82AE900FBB803 /* AppDelegate.swift in Sources */ = {isa = PBXBuildFile; fileRef = A69AB2A62CB82AE900FBB803 /* AppDelegate.swift */; };
		A69AB2A92CB82AE900FBB803 /* SceneDelegate.swift in Sources */ = {isa = PBXBuildFile; fileRef = A69AB2A82CB82AE900FBB803 /* SceneDelegate.swift */; };
		A69AB2AB2CB82AE900FBB803 /* RecipesViewController.swift in Sources */ = {isa = PBXBuildFile; fileRef = A69AB2AA2CB82AE900FBB803 /* RecipesViewController.swift */; };
		A69AB2B02CB82AED00FBB803 /* Assets.xcassets in Resources */ = {isa = PBXBuildFile; fileRef = A69AB2AF2CB82AED00FBB803 /* Assets.xcassets */; };
		A69AB2B32CB82AED00FBB803 /* LaunchScreen.storyboard in Resources */ = {isa = PBXBuildFile; fileRef = A69AB2B12CB82AED00FBB803 /* LaunchScreen.storyboard */; };
		A69AB2BE2CB82AED00FBB803 /* fetchipiesTests.swift in Sources */ = {isa = PBXBuildFile; fileRef = A69AB2BD2CB82AED00FBB803 /* fetchipiesTests.swift */; };
		A69AB2DA2CBD7CC700FBB803 /* RecipesViewModel.swift in Sources */ = {isa = PBXBuildFile; fileRef = A69AB2D92CBD7CC700FBB803 /* RecipesViewModel.swift */; };
		A69AB2DF2CBD7DCA00FBB803 /* RecipeState.swift in Sources */ = {isa = PBXBuildFile; fileRef = A69AB2DE2CBD7DCA00FBB803 /* RecipeState.swift */; };
		A69AB2E22CBD7E5800FBB803 /* ProtocolDefinitions.swift in Sources */ = {isa = PBXBuildFile; fileRef = A69AB2E12CBD7E5800FBB803 /* ProtocolDefinitions.swift */; };
		A69AB2E52CBD7EA100FBB803 /* ResponseBody.swift in Sources */ = {isa = PBXBuildFile; fileRef = A69AB2E42CBD7EA100FBB803 /* ResponseBody.swift */; };
		A69AB2E72CBD81B400FBB803 /* APIProvider.swift in Sources */ = {isa = PBXBuildFile; fileRef = A69AB2E62CBD81B400FBB803 /* APIProvider.swift */; };
		A69AB2EC2CBD846D00FBB803 /* Moya in Frameworks */ = {isa = PBXBuildFile; productRef = A69AB2EB2CBD846D00FBB803 /* Moya */; };
		A69AB2EE2CBD846D00FBB803 /* SnapKit in Frameworks */ = {isa = PBXBuildFile; productRef = A69AB2ED2CBD846D00FBB803 /* SnapKit */; };
/* End PBXBuildFile section */

/* Begin PBXContainerItemProxy section */
		A69AB2BA2CB82AED00FBB803 /* PBXContainerItemProxy */ = {
			isa = PBXContainerItemProxy;
			containerPortal = A69AB29B2CB82AE900FBB803 /* Project object */;
			proxyType = 1;
			remoteGlobalIDString = A69AB2A22CB82AE900FBB803;
			remoteInfo = fetchipies;
		};
/* End PBXContainerItemProxy section */

/* Begin PBXFileReference section */
		A69AB2A32CB82AE900FBB803 /* fetchipes.app */ = {isa = PBXFileReference; explicitFileType = wrapper.application; includeInIndex = 0; path = fetchipes.app; sourceTree = BUILT_PRODUCTS_DIR; };
		A69AB2A62CB82AE900FBB803 /* AppDelegate.swift */ = {isa = PBXFileReference; lastKnownFileType = sourcecode.swift; path = AppDelegate.swift; sourceTree = "<group>"; };
		A69AB2A82CB82AE900FBB803 /* SceneDelegate.swift */ = {isa = PBXFileReference; lastKnownFileType = sourcecode.swift; path = SceneDelegate.swift; sourceTree = "<group>"; };
		A69AB2AA2CB82AE900FBB803 /* RecipesViewController.swift */ = {isa = PBXFileReference; lastKnownFileType = sourcecode.swift; path = RecipesViewController.swift; sourceTree = "<group>"; };
		A69AB2AF2CB82AED00FBB803 /* Assets.xcassets */ = {isa = PBXFileReference; lastKnownFileType = folder.assetcatalog; path = Assets.xcassets; sourceTree = "<group>"; };
		A69AB2B22CB82AED00FBB803 /* Base */ = {isa = PBXFileReference; lastKnownFileType = file.storyboard; name = Base; path = Base.lproj/LaunchScreen.storyboard; sourceTree = "<group>"; };
		A69AB2B42CB82AED00FBB803 /* Info.plist */ = {isa = PBXFileReference; lastKnownFileType = text.plist.xml; path = Info.plist; sourceTree = "<group>"; };
		A69AB2B92CB82AED00FBB803 /* fetchipesTests.xctest */ = {isa = PBXFileReference; explicitFileType = wrapper.cfbundle; includeInIndex = 0; path = fetchipesTests.xctest; sourceTree = BUILT_PRODUCTS_DIR; };
		A69AB2BD2CB82AED00FBB803 /* fetchipiesTests.swift */ = {isa = PBXFileReference; lastKnownFileType = sourcecode.swift; path = fetchipiesTests.swift; sourceTree = "<group>"; };
		A69AB2D92CBD7CC700FBB803 /* RecipesViewModel.swift */ = {isa = PBXFileReference; lastKnownFileType = sourcecode.swift; path = RecipesViewModel.swift; sourceTree = "<group>"; };
		A69AB2DE2CBD7DCA00FBB803 /* RecipeState.swift */ = {isa = PBXFileReference; lastKnownFileType = sourcecode.swift; path = RecipeState.swift; sourceTree = "<group>"; };
		A69AB2E12CBD7E5800FBB803 /* ProtocolDefinitions.swift */ = {isa = PBXFileReference; lastKnownFileType = sourcecode.swift; path = ProtocolDefinitions.swift; sourceTree = "<group>"; };
		A69AB2E42CBD7EA100FBB803 /* ResponseBody.swift */ = {isa = PBXFileReference; lastKnownFileType = sourcecode.swift; path = ResponseBody.swift; sourceTree = "<group>"; };
		A69AB2E62CBD81B400FBB803 /* APIProvider.swift */ = {isa = PBXFileReference; lastKnownFileType = sourcecode.swift; path = APIProvider.swift; sourceTree = "<group>"; };
/* End PBXFileReference section */

/* Begin PBXFrameworksBuildPhase section */
		A69AB2A02CB82AE900FBB803 /* Frameworks */ = {
			isa = PBXFrameworksBuildPhase;
			buildActionMask = 2147483647;
			files = (
				A69AB2EC2CBD846D00FBB803 /* Moya in Frameworks */,
				A69AB2EE2CBD846D00FBB803 /* SnapKit in Frameworks */,
			);
			runOnlyForDeploymentPostprocessing = 0;
		};
		A69AB2B62CB82AED00FBB803 /* Frameworks */ = {
			isa = PBXFrameworksBuildPhase;
			buildActionMask = 2147483647;
			files = (
			);
			runOnlyForDeploymentPostprocessing = 0;
		};
/* End PBXFrameworksBuildPhase section */

/* Begin PBXGroup section */
		A69AB29A2CB82AE900FBB803 = {
			isa = PBXGroup;
			children = (
				A69AB2A52CB82AE900FBB803 /* fetchipes */,
				A69AB2BC2CB82AED00FBB803 /* fetchipesTests */,
				A69AB2A42CB82AE900FBB803 /* Products */,
				A69AB2EA2CBD846D00FBB803 /* Frameworks */,
			);
			sourceTree = "<group>";
		};
		A69AB2A42CB82AE900FBB803 /* Products */ = {
			isa = PBXGroup;
			children = (
				A69AB2A32CB82AE900FBB803 /* fetchipes.app */,
				A69AB2B92CB82AED00FBB803 /* fetchipesTests.xctest */,
			);
			name = Products;
			sourceTree = "<group>";
		};
		A69AB2A52CB82AE900FBB803 /* fetchipes */ = {
			isa = PBXGroup;
			children = (
				A69AB2D62CBD7CAE00FBB803 /* UI */,
				A69AB2DB2CBD7D2800FBB803 /* Domain */,
				A69AB2A62CB82AE900FBB803 /* AppDelegate.swift */,
				A69AB2A82CB82AE900FBB803 /* SceneDelegate.swift */,
				A69AB2AF2CB82AED00FBB803 /* Assets.xcassets */,
				A69AB2B12CB82AED00FBB803 /* LaunchScreen.storyboard */,
				A69AB2B42CB82AED00FBB803 /* Info.plist */,
			);
			path = fetchipes;
			sourceTree = "<group>";
		};
		A69AB2BC2CB82AED00FBB803 /* fetchipesTests */ = {
			isa = PBXGroup;
			children = (
				A69AB2BD2CB82AED00FBB803 /* fetchipiesTests.swift */,
			);
			path = fetchipesTests;
			sourceTree = "<group>";
		};
		A69AB2D62CBD7CAE00FBB803 /* UI */ = {
			isa = PBXGroup;
			children = (
				A69AB2D82CBD7CB500FBB803 /* ViewModels */,
				A69AB2D72CBD7CB100FBB803 /* ViewControllers */,
			);
			path = UI;
			sourceTree = "<group>";
		};
		A69AB2D72CBD7CB100FBB803 /* ViewControllers */ = {
			isa = PBXGroup;
			children = (
				A69AB2AA2CB82AE900FBB803 /* RecipesViewController.swift */,
			);
			path = ViewControllers;
			sourceTree = "<group>";
		};
		A69AB2D82CBD7CB500FBB803 /* ViewModels */ = {
			isa = PBXGroup;
			children = (
				A69AB2D92CBD7CC700FBB803 /* RecipesViewModel.swift */,
			);
			path = ViewModels;
			sourceTree = "<group>";
		};
		A69AB2DB2CBD7D2800FBB803 /* Domain */ = {
			isa = PBXGroup;
			children = (
				A69AB2E32CBD7E9900FBB803 /* Networking */,
				A69AB2DC2CBD7DAD00FBB803 /* Services */,
			);
			path = Domain;
			sourceTree = "<group>";
		};
		A69AB2DC2CBD7DAD00FBB803 /* Services */ = {
			isa = PBXGroup;
			children = (
				A69AB2E02CBD7E5000FBB803 /* Extensions */,
				A69AB2DD2CBD7DAF00FBB803 /* StateService */,
			);
			path = Services;
			sourceTree = "<group>";
		};
		A69AB2DD2CBD7DAF00FBB803 /* StateService */ = {
			isa = PBXGroup;
			children = (
				A69AB2DE2CBD7DCA00FBB803 /* RecipeState.swift */,
			);
			path = StateService;
			sourceTree = "<group>";
		};
		A69AB2E02CBD7E5000FBB803 /* Extensions */ = {
			isa = PBXGroup;
			children = (
				A69AB2E12CBD7E5800FBB803 /* ProtocolDefinitions.swift */,
			);
			path = Extensions;
			sourceTree = "<group>";
		};
		A69AB2E32CBD7E9900FBB803 /* Networking */ = {
			isa = PBXGroup;
			children = (
				A69AB2E42CBD7EA100FBB803 /* ResponseBody.swift */,
				A69AB2E62CBD81B400FBB803 /* APIProvider.swift */,
			);
			path = Networking;
			sourceTree = "<group>";
		};
		A69AB2EA2CBD846D00FBB803 /* Frameworks */ = {
			isa = PBXGroup;
			children = (
			);
			name = Frameworks;
			sourceTree = "<group>";
		};
/* End PBXGroup section */

/* Begin PBXNativeTarget section */
		A69AB2A22CB82AE900FBB803 /* fetchipes */ = {
			isa = PBXNativeTarget;
			buildConfigurationList = A69AB2CD2CB82AED00FBB803 /* Build configuration list for PBXNativeTarget "fetchipes" */;
			buildPhases = (
				A69AB29F2CB82AE900FBB803 /* Sources */,
				A69AB2A02CB82AE900FBB803 /* Frameworks */,
				A69AB2A12CB82AE900FBB803 /* Resources */,
			);
			buildRules = (
			);
			dependencies = (
			);
			name = fetchipes;
			packageProductDependencies = (
				A69AB2EB2CBD846D00FBB803 /* Moya */,
				A69AB2ED2CBD846D00FBB803 /* SnapKit */,
			);
			productName = fetchipies;
			productReference = A69AB2A32CB82AE900FBB803 /* fetchipes.app */;
			productType = "com.apple.product-type.application";
		};
		A69AB2B82CB82AED00FBB803 /* fetchipesTests */ = {
			isa = PBXNativeTarget;
			buildConfigurationList = A69AB2D02CB82AED00FBB803 /* Build configuration list for PBXNativeTarget "fetchipesTests" */;
			buildPhases = (
				A69AB2B52CB82AED00FBB803 /* Sources */,
				A69AB2B62CB82AED00FBB803 /* Frameworks */,
				A69AB2B72CB82AED00FBB803 /* Resources */,
			);
			buildRules = (
			);
			dependencies = (
				A69AB2BB2CB82AED00FBB803 /* PBXTargetDependency */,
			);
			name = fetchipesTests;
			productName = fetchipiesTests;
			productReference = A69AB2B92CB82AED00FBB803 /* fetchipesTests.xctest */;
			productType = "com.apple.product-type.bundle.unit-test";
		};
/* End PBXNativeTarget section */

/* Begin PBXProject section */
		A69AB29B2CB82AE900FBB803 /* Project object */ = {
			isa = PBXProject;
			attributes = {
				BuildIndependentTargetsInParallel = 1;
				LastSwiftUpdateCheck = 1500;
				LastUpgradeCheck = 1500;
				TargetAttributes = {
					A69AB2A22CB82AE900FBB803 = {
						CreatedOnToolsVersion = 15.0.1;
					};
					A69AB2B82CB82AED00FBB803 = {
						CreatedOnToolsVersion = 15.0.1;
						TestTargetID = A69AB2A22CB82AE900FBB803;
					};
				};
			};
			buildConfigurationList = A69AB29E2CB82AE900FBB803 /* Build configuration list for PBXProject "fetchipes" */;
			compatibilityVersion = "Xcode 14.0";
			developmentRegion = en;
			hasScannedForEncodings = 0;
			knownRegions = (
				en,
				Base,
			);
			mainGroup = A69AB29A2CB82AE900FBB803;
			packageReferences = (
				A69AB2E82CBD826900FBB803 /* XCRemoteSwiftPackageReference "Moya" */,
				A69AB2E92CBD843300FBB803 /* XCRemoteSwiftPackageReference "SnapKit" */,
			);
			productRefGroup = A69AB2A42CB82AE900FBB803 /* Products */;
			projectDirPath = "";
			projectRoot = "";
			targets = (
				A69AB2A22CB82AE900FBB803 /* fetchipes */,
				A69AB2B82CB82AED00FBB803 /* fetchipesTests */,
			);
		};
/* End PBXProject section */

/* Begin PBXResourcesBuildPhase section */
		A69AB2A12CB82AE900FBB803 /* Resources */ = {
			isa = PBXResourcesBuildPhase;
			buildActionMask = 2147483647;
			files = (
				A69AB2B32CB82AED00FBB803 /* LaunchScreen.storyboard in Resources */,
				A69AB2B02CB82AED00FBB803 /* Assets.xcassets in Resources */,
			);
			runOnlyForDeploymentPostprocessing = 0;
		};
		A69AB2B72CB82AED00FBB803 /* Resources */ = {
			isa = PBXResourcesBuildPhase;
			buildActionMask = 2147483647;
			files = (
			);
			runOnlyForDeploymentPostprocessing = 0;
		};
/* End PBXResourcesBuildPhase section */

/* Begin PBXSourcesBuildPhase section */
		A69AB29F2CB82AE900FBB803 /* Sources */ = {
			isa = PBXSourcesBuildPhase;
			buildActionMask = 2147483647;
			files = (
				A69AB2E52CBD7EA100FBB803 /* ResponseBody.swift in Sources */,
				A69AB2E72CBD81B400FBB803 /* APIProvider.swift in Sources */,
				A69AB2E22CBD7E5800FBB803 /* ProtocolDefinitions.swift in Sources */,
				A69AB2DA2CBD7CC700FBB803 /* RecipesViewModel.swift in Sources */,
				A69AB2DF2CBD7DCA00FBB803 /* RecipeState.swift in Sources */,
				A69AB2AB2CB82AE900FBB803 /* RecipesViewController.swift in Sources */,
				A69AB2A72CB82AE900FBB803 /* AppDelegate.swift in Sources */,
				A69AB2A92CB82AE900FBB803 /* SceneDelegate.swift in Sources */,
			);
			runOnlyForDeploymentPostprocessing = 0;
		};
		A69AB2B52CB82AED00FBB803 /* Sources */ = {
			isa = PBXSourcesBuildPhase;
			buildActionMask = 2147483647;
			files = (
				A69AB2BE2CB82AED00FBB803 /* fetchipiesTests.swift in Sources */,
			);
			runOnlyForDeploymentPostprocessing = 0;
		};
/* End PBXSourcesBuildPhase section */

/* Begin PBXTargetDependency section */
		A69AB2BB2CB82AED00FBB803 /* PBXTargetDependency */ = {
			isa = PBXTargetDependency;
			target = A69AB2A22CB82AE900FBB803 /* fetchipes */;
			targetProxy = A69AB2BA2CB82AED00FBB803 /* PBXContainerItemProxy */;
		};
/* End PBXTargetDependency section */

/* Begin PBXVariantGroup section */
		A69AB2B12CB82AED00FBB803 /* LaunchScreen.storyboard */ = {
			isa = PBXVariantGroup;
			children = (
				A69AB2B22CB82AED00FBB803 /* Base */,
			);
			name = LaunchScreen.storyboard;
			sourceTree = "<group>";
		};
/* End PBXVariantGroup section */

/* Begin XCBuildConfiguration section */
		A69AB2CB2CB82AED00FBB803 /* Debug */ = {
			isa = XCBuildConfiguration;
			buildSettings = {
				ALWAYS_SEARCH_USER_PATHS = NO;
				ASSETCATALOG_COMPILER_GENERATE_SWIFT_ASSET_SYMBOL_EXTENSIONS = YES;
				CLANG_ANALYZER_NONNULL = YES;
				CLANG_ANALYZER_NUMBER_OBJECT_CONVERSION = YES_AGGRESSIVE;
				CLANG_CXX_LANGUAGE_STANDARD = "gnu++20";
				CLANG_ENABLE_MODULES = YES;
				CLANG_ENABLE_OBJC_ARC = YES;
				CLANG_ENABLE_OBJC_WEAK = YES;
				CLANG_WARN_BLOCK_CAPTURE_AUTORELEASING = YES;
				CLANG_WARN_BOOL_CONVERSION = YES;
				CLANG_WARN_COMMA = YES;
				CLANG_WARN_CONSTANT_CONVERSION = YES;
				CLANG_WARN_DEPRECATED_OBJC_IMPLEMENTATIONS = YES;
				CLANG_WARN_DIRECT_OBJC_ISA_USAGE = YES_ERROR;
				CLANG_WARN_DOCUMENTATION_COMMENTS = YES;
				CLANG_WARN_EMPTY_BODY = YES;
				CLANG_WARN_ENUM_CONVERSION = YES;
				CLANG_WARN_INFINITE_RECURSION = YES;
				CLANG_WARN_INT_CONVERSION = YES;
				CLANG_WARN_NON_LITERAL_NULL_CONVERSION = YES;
				CLANG_WARN_OBJC_IMPLICIT_RETAIN_SELF = YES;
				CLANG_WARN_OBJC_LITERAL_CONVERSION = YES;
				CLANG_WARN_OBJC_ROOT_CLASS = YES_ERROR;
				CLANG_WARN_QUOTED_INCLUDE_IN_FRAMEWORK_HEADER = YES;
				CLANG_WARN_RANGE_LOOP_ANALYSIS = YES;
				CLANG_WARN_STRICT_PROTOTYPES = YES;
				CLANG_WARN_SUSPICIOUS_MOVE = YES;
				CLANG_WARN_UNGUARDED_AVAILABILITY = YES_AGGRESSIVE;
				CLANG_WARN_UNREACHABLE_CODE = YES;
				CLANG_WARN__DUPLICATE_METHOD_MATCH = YES;
				COPY_PHASE_STRIP = NO;
				DEBUG_INFORMATION_FORMAT = dwarf;
				ENABLE_STRICT_OBJC_MSGSEND = YES;
				ENABLE_TESTABILITY = YES;
				ENABLE_USER_SCRIPT_SANDBOXING = YES;
				GCC_C_LANGUAGE_STANDARD = gnu17;
				GCC_DYNAMIC_NO_PIC = NO;
				GCC_NO_COMMON_BLOCKS = YES;
				GCC_OPTIMIZATION_LEVEL = 0;
				GCC_PREPROCESSOR_DEFINITIONS = (
					"DEBUG=1",
					"$(inherited)",
				);
				GCC_WARN_64_TO_32_BIT_CONVERSION = YES;
				GCC_WARN_ABOUT_RETURN_TYPE = YES_ERROR;
				GCC_WARN_UNDECLARED_SELECTOR = YES;
				GCC_WARN_UNINITIALIZED_AUTOS = YES_AGGRESSIVE;
				GCC_WARN_UNUSED_FUNCTION = YES;
				GCC_WARN_UNUSED_VARIABLE = YES;
				IPHONEOS_DEPLOYMENT_TARGET = 17.0;
				LOCALIZATION_PREFERS_STRING_CATALOGS = YES;
				MTL_ENABLE_DEBUG_INFO = INCLUDE_SOURCE;
				MTL_FAST_MATH = YES;
				ONLY_ACTIVE_ARCH = YES;
				SDKROOT = iphoneos;
				SWIFT_ACTIVE_COMPILATION_CONDITIONS = "DEBUG $(inherited)";
				SWIFT_OPTIMIZATION_LEVEL = "-Onone";
			};
			name = Debug;
		};
		A69AB2CC2CB82AED00FBB803 /* Release */ = {
			isa = XCBuildConfiguration;
			buildSettings = {
				ALWAYS_SEARCH_USER_PATHS = NO;
				ASSETCATALOG_COMPILER_GENERATE_SWIFT_ASSET_SYMBOL_EXTENSIONS = YES;
				CLANG_ANALYZER_NONNULL = YES;
				CLANG_ANALYZER_NUMBER_OBJECT_CONVERSION = YES_AGGRESSIVE;
				CLANG_CXX_LANGUAGE_STANDARD = "gnu++20";
				CLANG_ENABLE_MODULES = YES;
				CLANG_ENABLE_OBJC_ARC = YES;
				CLANG_ENABLE_OBJC_WEAK = YES;
				CLANG_WARN_BLOCK_CAPTURE_AUTORELEASING = YES;
				CLANG_WARN_BOOL_CONVERSION = YES;
				CLANG_WARN_COMMA = YES;
				CLANG_WARN_CONSTANT_CONVERSION = YES;
				CLANG_WARN_DEPRECATED_OBJC_IMPLEMENTATIONS = YES;
				CLANG_WARN_DIRECT_OBJC_ISA_USAGE = YES_ERROR;
				CLANG_WARN_DOCUMENTATION_COMMENTS = YES;
				CLANG_WARN_EMPTY_BODY = YES;
				CLANG_WARN_ENUM_CONVERSION = YES;
				CLANG_WARN_INFINITE_RECURSION = YES;
				CLANG_WARN_INT_CONVERSION = YES;
				CLANG_WARN_NON_LITERAL_NULL_CONVERSION = YES;
				CLANG_WARN_OBJC_IMPLICIT_RETAIN_SELF = YES;
				CLANG_WARN_OBJC_LITERAL_CONVERSION = YES;
				CLANG_WARN_OBJC_ROOT_CLASS = YES_ERROR;
				CLANG_WARN_QUOTED_INCLUDE_IN_FRAMEWORK_HEADER = YES;
				CLANG_WARN_RANGE_LOOP_ANALYSIS = YES;
				CLANG_WARN_STRICT_PROTOTYPES = YES;
				CLANG_WARN_SUSPICIOUS_MOVE = YES;
				CLANG_WARN_UNGUARDED_AVAILABILITY = YES_AGGRESSIVE;
				CLANG_WARN_UNREACHABLE_CODE = YES;
				CLANG_WARN__DUPLICATE_METHOD_MATCH = YES;
				COPY_PHASE_STRIP = NO;
				DEBUG_INFORMATION_FORMAT = "dwarf-with-dsym";
				ENABLE_NS_ASSERTIONS = NO;
				ENABLE_STRICT_OBJC_MSGSEND = YES;
				ENABLE_USER_SCRIPT_SANDBOXING = YES;
				GCC_C_LANGUAGE_STANDARD = gnu17;
				GCC_NO_COMMON_BLOCKS = YES;
				GCC_WARN_64_TO_32_BIT_CONVERSION = YES;
				GCC_WARN_ABOUT_RETURN_TYPE = YES_ERROR;
				GCC_WARN_UNDECLARED_SELECTOR = YES;
				GCC_WARN_UNINITIALIZED_AUTOS = YES_AGGRESSIVE;
				GCC_WARN_UNUSED_FUNCTION = YES;
				GCC_WARN_UNUSED_VARIABLE = YES;
				IPHONEOS_DEPLOYMENT_TARGET = 17.0;
				LOCALIZATION_PREFERS_STRING_CATALOGS = YES;
				MTL_ENABLE_DEBUG_INFO = NO;
				MTL_FAST_MATH = YES;
				SDKROOT = iphoneos;
				SWIFT_COMPILATION_MODE = wholemodule;
				VALIDATE_PRODUCT = YES;
			};
			name = Release;
		};
		A69AB2CE2CB82AED00FBB803 /* Debug */ = {
			isa = XCBuildConfiguration;
			buildSettings = {
				ASSETCATALOG_COMPILER_APPICON_NAME = AppIcon;
				ASSETCATALOG_COMPILER_GLOBAL_ACCENT_COLOR_NAME = AccentColor;
				CODE_SIGN_STYLE = Automatic;
				CURRENT_PROJECT_VERSION = 1;
				DEVELOPMENT_TEAM = G6SE7832JT;
				GENERATE_INFOPLIST_FILE = YES;
				INFOPLIST_FILE = fetchipes/Info.plist;
				INFOPLIST_KEY_UIApplicationSupportsIndirectInputEvents = YES;
				INFOPLIST_KEY_UILaunchStoryboardName = LaunchScreen;
				INFOPLIST_KEY_UISupportedInterfaceOrientations_iPad = "UIInterfaceOrientationPortrait UIInterfaceOrientationPortraitUpsideDown UIInterfaceOrientationLandscapeLeft UIInterfaceOrientationLandscapeRight";
				INFOPLIST_KEY_UISupportedInterfaceOrientations_iPhone = "UIInterfaceOrientationPortrait UIInterfaceOrientationLandscapeLeft UIInterfaceOrientationLandscapeRight";
				LD_RUNPATH_SEARCH_PATHS = (
					"$(inherited)",
					"@executable_path/Frameworks",
				);
				MARKETING_VERSION = 1.0;
				PRODUCT_BUNDLE_IDENTIFIER = com.nick.fetchipes;
				PRODUCT_NAME = "$(TARGET_NAME)";
				SWIFT_EMIT_LOC_STRINGS = YES;
				SWIFT_VERSION = 5.0;
				TARGETED_DEVICE_FAMILY = "1,2";
			};
			name = Debug;
		};
		A69AB2CF2CB82AED00FBB803 /* Release */ = {
			isa = XCBuildConfiguration;
			buildSettings = {
				ASSETCATALOG_COMPILER_APPICON_NAME = AppIcon;
				ASSETCATALOG_COMPILER_GLOBAL_ACCENT_COLOR_NAME = AccentColor;
				CODE_SIGN_STYLE = Automatic;
				CURRENT_PROJECT_VERSION = 1;
				DEVELOPMENT_TEAM = G6SE7832JT;
				GENERATE_INFOPLIST_FILE = YES;
				INFOPLIST_FILE = fetchipes/Info.plist;
				INFOPLIST_KEY_UIApplicationSupportsIndirectInputEvents = YES;
				INFOPLIST_KEY_UILaunchStoryboardName = LaunchScreen;
				INFOPLIST_KEY_UISupportedInterfaceOrientations_iPad = "UIInterfaceOrientationPortrait UIInterfaceOrientationPortraitUpsideDown UIInterfaceOrientationLandscapeLeft UIInterfaceOrientationLandscapeRight";
				INFOPLIST_KEY_UISupportedInterfaceOrientations_iPhone = "UIInterfaceOrientationPortrait UIInterfaceOrientationLandscapeLeft UIInterfaceOrientationLandscapeRight";
				LD_RUNPATH_SEARCH_PATHS = (
					"$(inherited)",
					"@executable_path/Frameworks",
				);
				MARKETING_VERSION = 1.0;
				PRODUCT_BUNDLE_IDENTIFIER = com.nick.fetchipes;
				PRODUCT_NAME = "$(TARGET_NAME)";
				SWIFT_EMIT_LOC_STRINGS = YES;
				SWIFT_VERSION = 5.0;
				TARGETED_DEVICE_FAMILY = "1,2";
			};
			name = Release;
		};
		A69AB2D12CB82AED00FBB803 /* Debug */ = {
			isa = XCBuildConfiguration;
			buildSettings = {
				ALWAYS_EMBED_SWIFT_STANDARD_LIBRARIES = YES;
				BUNDLE_LOADER = "$(TEST_HOST)";
				CODE_SIGN_STYLE = Automatic;
				CURRENT_PROJECT_VERSION = 1;
				DEVELOPMENT_TEAM = G6SE7832JT;
				GENERATE_INFOPLIST_FILE = YES;
				IPHONEOS_DEPLOYMENT_TARGET = 17.0;
				MARKETING_VERSION = 1.0;
				PRODUCT_BUNDLE_IDENTIFIER = com.nick.fetchipesTests;
				PRODUCT_NAME = "$(TARGET_NAME)";
				SWIFT_EMIT_LOC_STRINGS = NO;
				SWIFT_VERSION = 5.0;
				TARGETED_DEVICE_FAMILY = "1,2";
				TEST_HOST = "$(BUILT_PRODUCTS_DIR)/fetchipes.app/$(BUNDLE_EXECUTABLE_FOLDER_PATH)/fetchipes";
			};
			name = Debug;
		};
		A69AB2D22CB82AED00FBB803 /* Release */ = {
			isa = XCBuildConfiguration;
			buildSettings = {
				ALWAYS_EMBED_SWIFT_STANDARD_LIBRARIES = YES;
				BUNDLE_LOADER = "$(TEST_HOST)";
				CODE_SIGN_STYLE = Automatic;
				CURRENT_PROJECT_VERSION = 1;
				DEVELOPMENT_TEAM = G6SE7832JT;
				GENERATE_INFOPLIST_FILE = YES;
				IPHONEOS_DEPLOYMENT_TARGET = 17.0;
				MARKETING_VERSION = 1.0;
				PRODUCT_BUNDLE_IDENTIFIER = com.nick.fetchipesTests;
				PRODUCT_NAME = "$(TARGET_NAME)";
				SWIFT_EMIT_LOC_STRINGS = NO;
				SWIFT_VERSION = 5.0;
				TARGETED_DEVICE_FAMILY = "1,2";
				TEST_HOST = "$(BUILT_PRODUCTS_DIR)/fetchipes.app/$(BUNDLE_EXECUTABLE_FOLDER_PATH)/fetchipes";
			};
			name = Release;
		};
/* End XCBuildConfiguration section */

/* Begin XCConfigurationList section */
		A69AB29E2CB82AE900FBB803 /* Build configuration list for PBXProject "fetchipes" */ = {
			isa = XCConfigurationList;
			buildConfigurations = (
				A69AB2CB2CB82AED00FBB803 /* Debug */,
				A69AB2CC2CB82AED00FBB803 /* Release */,
			);
			defaultConfigurationIsVisible = 0;
			defaultConfigurationName = Release;
		};
		A69AB2CD2CB82AED00FBB803 /* Build configuration list for PBXNativeTarget "fetchipes" */ = {
			isa = XCConfigurationList;
			buildConfigurations = (
				A69AB2CE2CB82AED00FBB803 /* Debug */,
				A69AB2CF2CB82AED00FBB803 /* Release */,
			);
			defaultConfigurationIsVisible = 0;
			defaultConfigurationName = Release;
		};
		A69AB2D02CB82AED00FBB803 /* Build configuration list for PBXNativeTarget "fetchipesTests" */ = {
			isa = XCConfigurationList;
			buildConfigurations = (
				A69AB2D12CB82AED00FBB803 /* Debug */,
				A69AB2D22CB82AED00FBB803 /* Release */,
			);
			defaultConfigurationIsVisible = 0;
			defaultConfigurationName = Release;
		};
/* End XCConfigurationList section */

/* Begin XCRemoteSwiftPackageReference section */
		A69AB2E82CBD826900FBB803 /* XCRemoteSwiftPackageReference "Moya" */ = {
			isa = XCRemoteSwiftPackageReference;
			repositoryURL = "https://github.com/Moya/Moya";
			requirement = {
				kind = upToNextMajorVersion;
				minimumVersion = 15.0.3;
			};
		};
		A69AB2E92CBD843300FBB803 /* XCRemoteSwiftPackageReference "SnapKit" */ = {
			isa = XCRemoteSwiftPackageReference;
			repositoryURL = "https://github.com/SnapKit/SnapKit";
			requirement = {
				kind = upToNextMajorVersion;
				minimumVersion = 5.7.1;
			};
		};
/* End XCRemoteSwiftPackageReference section */

/* Begin XCSwiftPackageProductDependency section */
		A69AB2EB2CBD846D00FBB803 /* Moya */ = {
			isa = XCSwiftPackageProductDependency;
			package = A69AB2E82CBD826900FBB803 /* XCRemoteSwiftPackageReference "Moya" */;
			productName = Moya;
		};
		A69AB2ED2CBD846D00FBB803 /* SnapKit */ = {
			isa = XCSwiftPackageProductDependency;
			package = A69AB2E92CBD843300FBB803 /* XCRemoteSwiftPackageReference "SnapKit" */;
			productName = SnapKit;
		};
/* End XCSwiftPackageProductDependency section */
	};
	rootObject = A69AB29B2CB82AE900FBB803 /* Project object */;
}
